{
  "name": "notification_app_be",
  "lockfileVersion": 3,
  "requires": true,
  "packages": {
    "": {
      "dependencies": {
        "notification-app-be": "file:.."
      }
    },
    "..": {
      "name": "notification-app-be",
      "version": "1.0.0",
      "dependencies": {
        "axios": "^1.7.7",
        "dotenv": "^16.4.5",
        "express": "^4.19.2"
      }
    },
    "node_modules/notification-app-be": {
      "resolved": "..",
      "link": true
    }
  }
}
